
Microsoft Visual Studio Solution File, Format Version 12.00
# Visual Studio Version 17
VisualStudioVersion = 17.9.34714.143
MinimumVisualStudioVersion = 10.0.40219.1
Project("{FAE04EC0-301F-11D3-BF4B-00C04F79EFBC}") = "MicroService-Upload", "MicroService-Upload.csproj", "{9214739B-0462-4F63-BAE1-935644A1B6EE}"
EndProject
Project("{FAE04EC0-301F-11D3-BF4B-00C04F79EFBC}") = "Content.Shared", "..\Content.Shared\Content.Shared.csproj", "{09395BFE-728F-4C41-BF7F-B522901DBD55}"
EndProject
Project("{2150E333-8FDC-42A3-9474-1A3956D46DE8}") = "shared", "shared", "{4D32BC03-DC29-4470-91CF-A4D553284124}"
EndProject
Project("{2150E333-8FDC-42A3-9474-1A3956D46DE8}") = "text", "text", "{9E21C143-C5C4-418B-B6C0-C559F09D8FBF}"
EndProject
Global
	GlobalSection(SolutionConfigurationPlatforms) = preSolution
		Debug|Any CPU = Debug|Any CPU
		Release|Any CPU = Release|Any CPU
	EndGlobalSection
	GlobalSection(ProjectConfigurationPlatforms) = postSolution
		{9214739B-0462-4F63-BAE1-935644A1B6EE}.Debug|Any CPU.ActiveCfg = Debug|Any CPU
		{9214739B-0462-4F63-BAE1-935644A1B6EE}.Debug|Any CPU.Build.0 = Debug|Any CPU
		{9214739B-0462-4F63-BAE1-935644A1B6EE}.Release|Any CPU.ActiveCfg = Release|Any CPU
		{9214739B-0462-4F63-BAE1-935644A1B6EE}.Release|Any CPU.Build.0 = Release|Any CPU
		{09395BFE-728F-4C41-BF7F-B522901DBD55}.Debug|Any CPU.ActiveCfg = Debug|Any CPU
		{09395BFE-728F-4C41-BF7F-B522901DBD55}.Debug|Any CPU.Build.0 = Debug|Any CPU
		{09395BFE-728F-4C41-BF7F-B522901DBD55}.Release|Any CPU.ActiveCfg = Release|Any CPU
		{09395BFE-728F-4C41-BF7F-B522901DBD55}.Release|Any CPU.Build.0 = Release|Any CPU
	EndGlobalSection
	GlobalSection(SolutionProperties) = preSolution
		HideSolutionNode = FALSE
	EndGlobalSection
	GlobalSection(NestedProjects) = preSolution
		{09395BFE-728F-4C41-BF7F-B522901DBD55} = {4D32BC03-DC29-4470-91CF-A4D553284124}
	EndGlobalSection
	GlobalSection(ExtensibilityGlobals) = postSolution
		SolutionGuid = {815B348D-7806-4B4E-88F5-0ADCB2632088}
	EndGlobalSection
EndGlobal
