
Microsoft Visual Studio Solution File, Format Version 12.00
# Visual Studio Version 17
VisualStudioVersion = 17.9.34714.143
MinimumVisualStudioVersion = 10.0.40219.1
Project("{9A19103F-16F7-4668-BE54-9A1E7A4F7556}") = "Content.Shared", "..\..\Content.Shared\Content.Shared.csproj", "{19A9A78C-74B3-4BB7-B95C-CBEE54BB9A78}"
EndProject
Project("{FAE04EC0-301F-11D3-BF4B-00C04F79EFBC}") = "Content.Text.Service", "..\Content.Text.Service\Content.Text.Service.csproj", "{CC03CD5F-7AE7-4232-8721-28840615F21E}"
EndProject
Project("{FAE04EC0-301F-11D3-BF4B-00C04F79EFBC}") = "Content.TextFuncApp", "..\Content.TextFuncApp\Content.TextFuncApp.csproj", "{A0A0B5DA-3C63-4F27-A37A-D8988AEE946E}"
EndProject
Global
	GlobalSection(SolutionConfigurationPlatforms) = preSolution
		Debug|Any CPU = Debug|Any CPU
		Release|Any CPU = Release|Any CPU
	EndGlobalSection
	GlobalSection(ProjectConfigurationPlatforms) = postSolution
		{19A9A78C-74B3-4BB7-B95C-CBEE54BB9A78}.Debug|Any CPU.ActiveCfg = Debug|Any CPU
		{19A9A78C-74B3-4BB7-B95C-CBEE54BB9A78}.Debug|Any CPU.Build.0 = Debug|Any CPU
		{19A9A78C-74B3-4BB7-B95C-CBEE54BB9A78}.Release|Any CPU.ActiveCfg = Release|Any CPU
		{19A9A78C-74B3-4BB7-B95C-CBEE54BB9A78}.Release|Any CPU.Build.0 = Release|Any CPU
		{CC03CD5F-7AE7-4232-8721-28840615F21E}.Debug|Any CPU.ActiveCfg = Debug|Any CPU
		{CC03CD5F-7AE7-4232-8721-28840615F21E}.Debug|Any CPU.Build.0 = Debug|Any CPU
		{CC03CD5F-7AE7-4232-8721-28840615F21E}.Release|Any CPU.ActiveCfg = Release|Any CPU
		{CC03CD5F-7AE7-4232-8721-28840615F21E}.Release|Any CPU.Build.0 = Release|Any CPU
		{A0A0B5DA-3C63-4F27-A37A-D8988AEE946E}.Debug|Any CPU.ActiveCfg = Debug|Any CPU
		{A0A0B5DA-3C63-4F27-A37A-D8988AEE946E}.Debug|Any CPU.Build.0 = Debug|Any CPU
		{A0A0B5DA-3C63-4F27-A37A-D8988AEE946E}.Release|Any CPU.ActiveCfg = Release|Any CPU
		{A0A0B5DA-3C63-4F27-A37A-D8988AEE946E}.Release|Any CPU.Build.0 = Release|Any CPU
	EndGlobalSection
	GlobalSection(SolutionProperties) = preSolution
		HideSolutionNode = FALSE
	EndGlobalSection
	GlobalSection(ExtensibilityGlobals) = postSolution
		SolutionGuid = {8B2718B9-35C9-4B6F-911C-EF0C337F2912}
	EndGlobalSection
EndGlobal
